# This file is automatically @generated by Cargo.
# It is not intended for manual editing.
version = 4

[[package]]
<<<<<<< HEAD
=======
name = "aarch64-cpu"
version = "11.2.0"
source = "registry+https://github.com/rust-lang/crates.io-index"
checksum = "44171e22925ec72b63d86747bc3655c7849a5b8d865c980222128839f45ac034"
dependencies = [
 "tock-registers",
]

[[package]]
>>>>>>> c440c56 (tmp)
name = "rpios"
version = "0.0.0"
